
Microsoft Visual Studio Solution File, Format Version 12.00
# Visual Studio Version 17
VisualStudioVersion = 17.1.32328.378
MinimumVisualStudioVersion = 10.0.40219.1
Project("{FAE04EC0-301F-11D3-BF4B-00C04F79EFBC}") = "UnicastDel", "UnicastDel\UnicastDel.csproj", "{0D72CF66-8D8A-4C53-A85C-DD17A4C6DC2D}"
EndProject
Global
	GlobalSection(SolutionConfigurationPlatforms) = preSolution
		Debug|Any CPU = Debug|Any CPU
		Release|Any CPU = Release|Any CPU
	EndGlobalSection
	GlobalSection(ProjectConfigurationPlatforms) = postSolution
		{0D72CF66-8D8A-4C53-A85C-DD17A4C6DC2D}.Debug|Any CPU.ActiveCfg = Debug|Any CPU
		{0D72CF66-8D8A-4C53-A85C-DD17A4C6DC2D}.Debug|Any CPU.Build.0 = Debug|Any CPU
		{0D72CF66-8D8A-4C53-A85C-DD17A4C6DC2D}.Release|Any CPU.ActiveCfg = Release|Any CPU
		{0D72CF66-8D8A-4C53-A85C-DD17A4C6DC2D}.Release|Any CPU.Build.0 = Release|Any CPU
	EndGlobalSection
	GlobalSection(SolutionProperties) = preSolution
		HideSolutionNode = FALSE
	EndGlobalSection
	GlobalSection(ExtensibilityGlobals) = postSolution
		SolutionGuid = {0C846643-79ED-4E8D-96C0-50972561D22D}
	EndGlobalSection
EndGlobal
